# THIS IS AN AUTOGENERATED FILE. DO NOT EDIT THIS FILE DIRECTLY.
# yarn lockfile v1


rollup@^0.43.0:
  version "0.43.0"
  resolved "https://registry.yarnpkg.com/rollup/-/rollup-0.43.0.tgz#b36bdb75fa5e0823b6de8aee18ff7b5655520543"
  dependencies:
    source-map-support "^0.4.0"

source-map-support@^0.4.0:
  version "0.4.15"
  resolved "https://registry.yarnpkg.com/source-map-support/-/source-map-support-0.4.15.tgz#03202df65c06d2bd8c7ec2362a193056fef8d3b1"
  dependencies:
    source-map "^0.5.6"

source-map@^0.5.6:
  version "0.5.6"
  resolved "https://registry.yarnpkg.com/source-map/-/source-map-0.5.6.tgz#75ce38f52bf0733c5a7f0c118d81334a2bb5f412"

vue@^2.3.4:
  version "2.3.4"
  resolved "https://registry.yarnpkg.com/vue/-/vue-2.3.4.tgz#5ec3b87a191da8090bbef56b7cfabd4158038171"

vuex@^2.3.1:
  version "2.3.1"
  resolved "https://registry.yarnpkg.com/vuex/-/vuex-2.3.1.tgz#cde8e997c1f9957719bc7dea154f9aa691d981a6"
